
Microsoft Visual Studio Solution File, Format Version 12.00
# Visual Studio Version 17
VisualStudioVersion = 17.11.35201.85
MinimumVisualStudioVersion = 10.0.40219.1
Project("{9A19103F-16F7-4668-BE54-9A1E7A4F7556}") = "WestWindWeb", "WestWindWeb\WestWindWeb.csproj", "{16C91285-DC97-4A85-BB1B-6A44C8C525F9}"
EndProject
Project("{9A19103F-16F7-4668-BE54-9A1E7A4F7556}") = "WestWindLibrary", "WestWindLibrary\WestWindLibrary.csproj", "{F2D28BD3-0A52-4962-8428-6E43CF8DBC51}"
EndProject
Global
	GlobalSection(SolutionConfigurationPlatforms) = preSolution
		Debug|Any CPU = Debug|Any CPU
		Release|Any CPU = Release|Any CPU
	EndGlobalSection
	GlobalSection(ProjectConfigurationPlatforms) = postSolution
		{16C91285-DC97-4A85-BB1B-6A44C8C525F9}.Debug|Any CPU.ActiveCfg = Debug|Any CPU
		{16C91285-DC97-4A85-BB1B-6A44C8C525F9}.Debug|Any CPU.Build.0 = Debug|Any CPU
		{16C91285-DC97-4A85-BB1B-6A44C8C525F9}.Release|Any CPU.ActiveCfg = Release|Any CPU
		{16C91285-DC97-4A85-BB1B-6A44C8C525F9}.Release|Any CPU.Build.0 = Release|Any CPU
		{F2D28BD3-0A52-4962-8428-6E43CF8DBC51}.Debug|Any CPU.ActiveCfg = Debug|Any CPU
		{F2D28BD3-0A52-4962-8428-6E43CF8DBC51}.Debug|Any CPU.Build.0 = Debug|Any CPU
		{F2D28BD3-0A52-4962-8428-6E43CF8DBC51}.Release|Any CPU.ActiveCfg = Release|Any CPU
		{F2D28BD3-0A52-4962-8428-6E43CF8DBC51}.Release|Any CPU.Build.0 = Release|Any CPU
	EndGlobalSection
	GlobalSection(SolutionProperties) = preSolution
		HideSolutionNode = FALSE
	EndGlobalSection
	GlobalSection(ExtensibilityGlobals) = postSolution
		SolutionGuid = {4759EB07-75CB-4B82-8EF1-5D0618147935}
	EndGlobalSection
EndGlobal
